
Microsoft Visual Studio Solution File, Format Version 12.00
# Visual Studio Version 16
VisualStudioVersion = 16.0.31129.286
MinimumVisualStudioVersion = 10.0.40219.1
Project("{FAE04EC0-301F-11D3-BF4B-00C04F79EFBC}") = "Same_Class_Constructor_Chainning", "Same_Class_Constructor_Chainning\Same_Class_Constructor_Chainning.csproj", "{0131E905-7D6A-45C9-89A1-1C129AED91F3}"
EndProject
Global
	GlobalSection(SolutionConfigurationPlatforms) = preSolution
		Debug|Any CPU = Debug|Any CPU
		Release|Any CPU = Release|Any CPU
	EndGlobalSection
	GlobalSection(ProjectConfigurationPlatforms) = postSolution
		{0131E905-7D6A-45C9-89A1-1C129AED91F3}.Debug|Any CPU.ActiveCfg = Debug|Any CPU
		{0131E905-7D6A-45C9-89A1-1C129AED91F3}.Debug|Any CPU.Build.0 = Debug|Any CPU
		{0131E905-7D6A-45C9-89A1-1C129AED91F3}.Release|Any CPU.ActiveCfg = Release|Any CPU
		{0131E905-7D6A-45C9-89A1-1C129AED91F3}.Release|Any CPU.Build.0 = Release|Any CPU
	EndGlobalSection
	GlobalSection(SolutionProperties) = preSolution
		HideSolutionNode = FALSE
	EndGlobalSection
	GlobalSection(ExtensibilityGlobals) = postSolution
		SolutionGuid = {A21B72D9-A63C-4626-8DBA-BE7945B58EDB}
	EndGlobalSection
EndGlobal
