
Microsoft Visual Studio Solution File, Format Version 12.00
# Visual Studio Version 16
VisualStudioVersion = 16.0.31129.286
MinimumVisualStudioVersion = 10.0.40219.1
Project("{FAE04EC0-301F-11D3-BF4B-00C04F79EFBC}") = "Base_Class_Constructor_Chaining", "Base_Class_Constructor_Chaining\Base_Class_Constructor_Chaining.csproj", "{ECC37DAA-9429-4056-8937-91A0AC8D2E78}"
EndProject
Global
	GlobalSection(SolutionConfigurationPlatforms) = preSolution
		Debug|Any CPU = Debug|Any CPU
		Release|Any CPU = Release|Any CPU
	EndGlobalSection
	GlobalSection(ProjectConfigurationPlatforms) = postSolution
		{ECC37DAA-9429-4056-8937-91A0AC8D2E78}.Debug|Any CPU.ActiveCfg = Debug|Any CPU
		{ECC37DAA-9429-4056-8937-91A0AC8D2E78}.Debug|Any CPU.Build.0 = Debug|Any CPU
		{ECC37DAA-9429-4056-8937-91A0AC8D2E78}.Release|Any CPU.ActiveCfg = Release|Any CPU
		{ECC37DAA-9429-4056-8937-91A0AC8D2E78}.Release|Any CPU.Build.0 = Release|Any CPU
	EndGlobalSection
	GlobalSection(SolutionProperties) = preSolution
		HideSolutionNode = FALSE
	EndGlobalSection
	GlobalSection(ExtensibilityGlobals) = postSolution
		SolutionGuid = {D0D0655B-C72F-40B2-A465-4B969D6FD1E4}
	EndGlobalSection
EndGlobal
